<?xml version="1.0" encoding="utf-8"?>
<Project ToolsVersion="4.0" xmlns="http://schemas.microsoft.com/developer/msbuild/2003">
  <ItemGroup>
    <Filter Include="Quelldateien">
      <UniqueIdentifier>{4FC737F1-C7A5-4376-A066-2A32D752A2FF}</UniqueIdentifier>
      <Extensions>cpp;c;cc;cxx;c++;cppm;ixx;def;odl;idl;hpj;bat;asm;asmx</Extensions>
    </Filter>
    <Filter Include="Headerdateien">
      <UniqueIdentifier>{93995380-89BD-4b04-88EB-625FBE52EBFB}</UniqueIdentifier>
      <Extensions>h;hh;hpp;hxx;h++;hm;inl;inc;ipp;xsd</Extensions>
    </Filter>
    <Filter Include="Ressourcendateien">
      <UniqueIdentifier>{67DA6AB6-F800-4c08-8B7A-83BB121AAD01}</UniqueIdentifier>
      <Extensions>rc;ico;cur;bmp;dlg;rc2;rct;bin;rgs;gif;jpg;jpeg;jpe;resx;tiff;tif;png;wav;mfcribbon-ms</Extensions>
    </Filter>
  </ItemGroup>
  <ItemGroup>
    <ClInclude Include="Two_Sum.h">
      <Filter>Headerdateien</Filter>
    </ClInclude>
    <ClInclude Include="Roman_to_Integer.h">
      <Filter>Headerdateien</Filter>
    </ClInclude>
    <ClInclude Include="Palindrome_Number.h">
      <Filter>Headerdateien</Filter>
    </ClInclude>
    <ClInclude Include="Maximum_Subarray.h">
      <Filter>Headerdateien</Filter>
    </ClInclude>
    <ClInclude Include="MergekSortedLists.h">
      <Filter>Headerdateien</Filter>
    </ClInclude>
    <ClInclude Include="MergeIntervals.h">
      <Filter>Headerdateien</Filter>
    </ClInclude>
    <ClInclude Include="InsertInterval.h">
      <Filter>Headerdateien</Filter>
    </ClInclude>
    <ClInclude Include="addTwoNumbers.h">
      <Filter>Headerdateien</Filter>
    </ClInclude>
    <ClInclude Include="CombinationSumIII.h">
      <Filter>Headerdateien</Filter>
    </ClInclude>
    <ClInclude Include="DungeonGame.h">
      <Filter>Headerdateien</Filter>
    </ClInclude>
    <ClInclude Include="HouseRobberII.h">
      <Filter>Headerdateien</Filter>
    </ClInclude>
    <ClInclude Include="SmallCalculator.h">
      <Filter>Headerdateien</Filter>
    </ClInclude>
  </ItemGroup>
  <ItemGroup>
    <ClCompile Include="Two_Sum.cpp">
      <Filter>Quelldateien</Filter>
    </ClCompile>
    <ClCompile Include="Roman_to_Integer.cpp">
      <Filter>Quelldateien</Filter>
    </ClCompile>
    <ClCompile Include="Palindrome_Number.cpp">
      <Filter>Quelldateien</Filter>
    </ClCompile>
    <ClCompile Include="Maximum_Subarray.cpp">
      <Filter>Quelldateien</Filter>
    </ClCompile>
    <ClCompile Include="MergekSortedLists.cpp">
      <Filter>Quelldateien</Filter>
    </ClCompile>
    <ClCompile Include="MergeIntervals.cpp">
      <Filter>Quelldateien</Filter>
    </ClCompile>
    <ClCompile Include="InsertInterval.cpp">
      <Filter>Quelldateien</Filter>
    </ClCompile>
    <ClCompile Include="addTwoNumbers.cpp">
      <Filter>Quelldateien</Filter>
    </ClCompile>
    <ClCompile Include="CombinationSumIII.cpp">
      <Filter>Quelldateien</Filter>
    </ClCompile>
    <ClCompile Include="DungeonGame.cpp">
      <Filter>Quelldateien</Filter>
    </ClCompile>
    <ClCompile Include="HouseRobberII.cpp">
      <Filter>Quelldateien</Filter>
    </ClCompile>
    <ClCompile Include="SmallCalculator.cpp">
      <Filter>Quelldateien</Filter>
    </ClCompile>
  </ItemGroup>
</Project>